
Microsoft Visual Studio Solution File, Format Version 12.00
# Visual Studio 2012
Project("{8BC9CEB8-8B4A-11D0-8D11-00A0C91BC942}") = "Proj1-TrafficSignDetection", "Proj1-TrafficSignDetection.vcxproj", "{6636EF59-E41A-41C1-9BF0-43B77D0BC72E}"
EndProject
Global
	GlobalSection(SolutionConfigurationPlatforms) = preSolution
		Debug|Win32 = Debug|Win32
		Release|Win32 = Release|Win32
	EndGlobalSection
	GlobalSection(ProjectConfigurationPlatforms) = postSolution
		{6636EF59-E41A-41C1-9BF0-43B77D0BC72E}.Debug|Win32.ActiveCfg = Debug|Win32
		{6636EF59-E41A-41C1-9BF0-43B77D0BC72E}.Debug|Win32.Build.0 = Debug|Win32
		{6636EF59-E41A-41C1-9BF0-43B77D0BC72E}.Release|Win32.ActiveCfg = Release|Win32
		{6636EF59-E41A-41C1-9BF0-43B77D0BC72E}.Release|Win32.Build.0 = Release|Win32
	EndGlobalSection
	GlobalSection(SolutionProperties) = preSolution
		HideSolutionNode = FALSE
	EndGlobalSection
EndGlobal
